
Microsoft Visual Studio Solution File, Format Version 12.00
# Visual Studio Version 16
VisualStudioVersion = 16.0.31515.178
MinimumVisualStudioVersion = 10.0.40219.1
Project("{FAE04EC0-301F-11D3-BF4B-00C04F79EFBC}") = "iAGE_CRUD", "iAGE_CRUD\iAGE_CRUD.csproj", "{3312EBC5-3AE5-4AB9-9BA3-288386D5AC03}"
EndProject
Project("{FAE04EC0-301F-11D3-BF4B-00C04F79EFBC}") = "SimpleUnitTest", "SimpleUnitTest\SimpleUnitTest.csproj", "{F9638D3E-F77F-4DF4-8283-4D98792D3911}"
EndProject
Global
	GlobalSection(SolutionConfigurationPlatforms) = preSolution
		Debug|Any CPU = Debug|Any CPU
		Release|Any CPU = Release|Any CPU
	EndGlobalSection
	GlobalSection(ProjectConfigurationPlatforms) = postSolution
		{3312EBC5-3AE5-4AB9-9BA3-288386D5AC03}.Debug|Any CPU.ActiveCfg = Debug|Any CPU
		{3312EBC5-3AE5-4AB9-9BA3-288386D5AC03}.Debug|Any CPU.Build.0 = Debug|Any CPU
		{3312EBC5-3AE5-4AB9-9BA3-288386D5AC03}.Release|Any CPU.ActiveCfg = Release|Any CPU
		{3312EBC5-3AE5-4AB9-9BA3-288386D5AC03}.Release|Any CPU.Build.0 = Release|Any CPU
		{F9638D3E-F77F-4DF4-8283-4D98792D3911}.Debug|Any CPU.ActiveCfg = Debug|Any CPU
		{F9638D3E-F77F-4DF4-8283-4D98792D3911}.Debug|Any CPU.Build.0 = Debug|Any CPU
		{F9638D3E-F77F-4DF4-8283-4D98792D3911}.Release|Any CPU.ActiveCfg = Release|Any CPU
		{F9638D3E-F77F-4DF4-8283-4D98792D3911}.Release|Any CPU.Build.0 = Release|Any CPU
	EndGlobalSection
	GlobalSection(SolutionProperties) = preSolution
		HideSolutionNode = FALSE
	EndGlobalSection
	GlobalSection(ExtensibilityGlobals) = postSolution
		SolutionGuid = {59170554-A25D-49EE-8F99-BFC60102AFE0}
	EndGlobalSection
EndGlobal
